// !$*UTF8*$!
{
	archiveVersion = 1;
	classes = {
	};
	objectVersion = 46;
	objects = {

/* Begin PBXBuildFile section */
		00C1CF04187BCF39003D4C1E /* Foundation.framework in Frameworks */ = {isa = PBXBuildFile; fileRef = 00C1CF03187BCF39003D4C1E /* Foundation.framework */; };
		00C1CF06187BCF39003D4C1E /* CoreGraphics.framework in Frameworks */ = {isa = PBXBuildFile; fileRef = 00C1CF05187BCF39003D4C1E /* CoreGraphics.framework */; };
		00C1CF08187BCF39003D4C1E /* UIKit.framework in Frameworks */ = {isa = PBXBuildFile; fileRef = 00C1CF07187BCF39003D4C1E /* UIKit.framework */; };
		00C1CF0E187BCF39003D4C1E /* InfoPlist.strings in Resources */ = {isa = PBXBuildFile; fileRef = 00C1CF0C187BCF39003D4C1E /* InfoPlist.strings */; };
		00C1CF10187BCF39003D4C1E /* main.m in Sources */ = {isa = PBXBuildFile; fileRef = 00C1CF0F187BCF39003D4C1E /* main.m */; };
		00C1CF14187BCF39003D4C1E /* AppDelegate.m in Sources */ = {isa = PBXBuildFile; fileRef = 00C1CF13187BCF39003D4C1E /* AppDelegate.m */; };
		00C1CF17187BCF39003D4C1E /* Main.storyboard in Resources */ = {isa = PBXBuildFile; fileRef = 00C1CF15187BCF39003D4C1E /* Main.storyboard */; };
		00C1CF1A187BCF39003D4C1E /* ViewController.m in Sources */ = {isa = PBXBuildFile; fileRef = 00C1CF19187BCF39003D4C1E /* ViewController.m */; };
		00C1CF1C187BCF39003D4C1E /* Images.xcassets in Resources */ = {isa = PBXBuildFile; fileRef = 00C1CF1B187BCF39003D4C1E /* Images.xcassets */; };
		00C1CF23187BCF39003D4C1E /* XCTest.framework in Frameworks */ = {isa = PBXBuildFile; fileRef = 00C1CF22187BCF39003D4C1E /* XCTest.framework */; };
		00C1CF24187BCF39003D4C1E /* Foundation.framework in Frameworks */ = {isa = PBXBuildFile; fileRef = 00C1CF03187BCF39003D4C1E /* Foundation.framework */; };
		00C1CF25187BCF39003D4C1E /* UIKit.framework in Frameworks */ = {isa = PBXBuildFile; fileRef = 00C1CF07187BCF39003D4C1E /* UIKit.framework */; };
		00C1CF2D187BCF39003D4C1E /* InfoPlist.strings in Resources */ = {isa = PBXBuildFile; fileRef = 00C1CF2B187BCF39003D4C1E /* InfoPlist.strings */; };
		00C1CF2F187BCF39003D4C1E /* p249ScrollViewTestTests.m in Sources */ = {isa = PBXBuildFile; fileRef = 00C1CF2E187BCF39003D4C1E /* p249ScrollViewTestTests.m */; };
		00C1CF39187BCF92003D4C1E /* apple.png in Resources */ = {isa = PBXBuildFile; fileRef = 00C1CF38187BCF92003D4C1E /* apple.png */; };
/* End PBXBuildFile section */

/* Begin PBXContainerItemProxy section */
		00C1CF26187BCF39003D4C1E /* PBXContainerItemProxy */ = {
			isa = PBXContainerItemProxy;
			containerPortal = 00C1CEF8187BCF39003D4C1E /* Project object */;
			proxyType = 1;
			remoteGlobalIDString = 00C1CEFF187BCF39003D4C1E;
			remoteInfo = p249ScrollViewTest;
		};
/* End PBXContainerItemProxy section */

/* Begin PBXFileReference section */
		00C1CF00187BCF39003D4C1E /* p249ScrollViewTest.app */ = {isa = PBXFileReference; explicitFileType = wrapper.application; includeInIndex = 0; path = p249ScrollViewTest.app; sourceTree = BUILT_PRODUCTS_DIR; };
		00C1CF03187BCF39003D4C1E /* Foundation.framework */ = {isa = PBXFileReference; lastKnownFileType = wrapper.framework; name = Foundation.framework; path = System/Library/Frameworks/Foundation.framework; sourceTree = SDKROOT; };
		00C1CF05187BCF39003D4C1E /* CoreGraphics.framework */ = {isa = PBXFileReference; lastKnownFileType = wrapper.framework; name = CoreGraphics.framework; path = System/Library/Frameworks/CoreGraphics.framework; sourceTree = SDKROOT; };
		00C1CF07187BCF39003D4C1E /* UIKit.framework */ = {isa = PBXFileReference; lastKnownFileType = wrapper.framework; name = UIKit.framework; path = System/Library/Frameworks/UIKit.framework; sourceTree = SDKROOT; };
		00C1CF0B187BCF39003D4C1E /* p249ScrollViewTest-Info.plist */ = {isa = PBXFileReference; lastKnownFileType = text.plist.xml; path = "p249ScrollViewTest-Info.plist"; sourceTree = "<group>"; };
		00C1CF0D187BCF39003D4C1E /* en */ = {isa = PBXFileReference; lastKnownFileType = text.plist.strings; name = en; path = en.lproj/InfoPlist.strings; sourceTree = "<group>"; };
		00C1CF0F187BCF39003D4C1E /* main.m */ = {isa = PBXFileReference; lastKnownFileType = sourcecode.c.objc; path = main.m; sourceTree = "<group>"; };
		00C1CF11187BCF39003D4C1E /* p249ScrollViewTest-Prefix.pch */ = {isa = PBXFileReference; lastKnownFileType = sourcecode.c.h; path = "p249ScrollViewTest-Prefix.pch"; sourceTree = "<group>"; };
		00C1CF12187BCF39003D4C1E /* AppDelegate.h */ = {isa = PBXFileReference; lastKnownFileType = sourcecode.c.h; path = AppDelegate.h; sourceTree = "<group>"; };
		00C1CF13187BCF39003D4C1E /* AppDelegate.m */ = {isa = PBXFileReference; lastKnownFileType = sourcecode.c.objc; path = AppDelegate.m; sourceTree = "<group>"; };
		00C1CF16187BCF39003D4C1E /* Base */ = {isa = PBXFileReference; lastKnownFileType = file.storyboard; name = Base; path = Base.lproj/Main.storyboard; sourceTree = "<group>"; };
		00C1CF18187BCF39003D4C1E /* ViewController.h */ = {isa = PBXFileReference; lastKnownFileType = sourcecode.c.h; path = ViewController.h; sourceTree = "<group>"; };
		00C1CF19187BCF39003D4C1E /* ViewController.m */ = {isa = PBXFileReference; lastKnownFileType = sourcecode.c.objc; path = ViewController.m; sourceTree = "<group>"; };
		00C1CF1B187BCF39003D4C1E /* Images.xcassets */ = {isa = PBXFileReference; lastKnownFileType = folder.assetcatalog; path = Images.xcassets; sourceTree = "<group>"; };
		00C1CF21187BCF39003D4C1E /* p249ScrollViewTestTests.xctest */ = {isa = PBXFileReference; explicitFileType = wrapper.cfbundle; includeInIndex = 0; path = p249ScrollViewTestTests.xctest; sourceTree = BUILT_PRODUCTS_DIR; };
		00C1CF22187BCF39003D4C1E /* XCTest.framework */ = {isa = PBXFileReference; lastKnownFileType = wrapper.framework; name = XCTest.framework; path = Library/Frameworks/XCTest.framework; sourceTree = DEVELOPER_DIR; };
		00C1CF2A187BCF39003D4C1E /* p249ScrollViewTestTests-Info.plist */ = {isa = PBXFileReference; lastKnownFileType = text.plist.xml; path = "p249ScrollViewTestTests-Info.plist"; sourceTree = "<group>"; };
		00C1CF2C187BCF39003D4C1E /* en */ = {isa = PBXFileReference; lastKnownFileType = text.plist.strings; name = en; path = en.lproj/InfoPlist.strings; sourceTree = "<group>"; };
		00C1CF2E187BCF39003D4C1E /* p249ScrollViewTestTests.m */ = {isa = PBXFileReference; lastKnownFileType = sourcecode.c.objc; path = p249ScrollViewTestTests.m; sourceTree = "<group>"; };
		00C1CF38187BCF92003D4C1E /* apple.png */ = {isa = PBXFileReference; lastKnownFileType = image.png; path = apple.png; sourceTree = "<group>"; };
/* End PBXFileReference section */

/* Begin PBXFrameworksBuildPhase section */
		00C1CEFD187BCF39003D4C1E /* Frameworks */ = {
			isa = PBXFrameworksBuildPhase;
			buildActionMask = 2147483647;
			files = (
				00C1CF06187BCF39003D4C1E /* CoreGraphics.framework in Frameworks */,
				00C1CF08187BCF39003D4C1E /* UIKit.framework in Frameworks */,
				00C1CF04187BCF39003D4C1E /* Foundation.framework in Frameworks */,
			);
			runOnlyForDeploymentPostprocessing = 0;
		};
		00C1CF1E187BCF39003D4C1E /* Frameworks */ = {
			isa = PBXFrameworksBuildPhase;
			buildActionMask = 2147483647;
			files = (
				00C1CF23187BCF39003D4C1E /* XCTest.framework in Frameworks */,
				00C1CF25187BCF39003D4C1E /* UIKit.framework in Frameworks */,
				00C1CF24187BCF39003D4C1E /* Foundation.framework in Frameworks */,
			);
			runOnlyForDeploymentPostprocessing = 0;
		};
/* End PBXFrameworksBuildPhase section */

/* Begin PBXGroup section */
		00C1CEF7187BCF39003D4C1E = {
			isa = PBXGroup;
			children = (
				00C1CF09187BCF39003D4C1E /* p249ScrollViewTest */,
				00C1CF28187BCF39003D4C1E /* p249ScrollViewTestTests */,
				00C1CF02187BCF39003D4C1E /* Frameworks */,
				00C1CF01187BCF39003D4C1E /* Products */,
			);
			sourceTree = "<group>";
		};
		00C1CF01187BCF39003D4C1E /* Products */ = {
			isa = PBXGroup;
			children = (
				00C1CF00187BCF39003D4C1E /* p249ScrollViewTest.app */,
				00C1CF21187BCF39003D4C1E /* p249ScrollViewTestTests.xctest */,
			);
			name = Products;
			sourceTree = "<group>";
		};
		00C1CF02187BCF39003D4C1E /* Frameworks */ = {
			isa = PBXGroup;
			children = (
				00C1CF03187BCF39003D4C1E /* Foundation.framework */,
				00C1CF05187BCF39003D4C1E /* CoreGraphics.framework */,
				00C1CF07187BCF39003D4C1E /* UIKit.framework */,
				00C1CF22187BCF39003D4C1E /* XCTest.framework */,
			);
			name = Frameworks;
			sourceTree = "<group>";
		};
		00C1CF09187BCF39003D4C1E /* p249ScrollViewTest */ = {
			isa = PBXGroup;
			children = (
				00C1CF38187BCF92003D4C1E /* apple.png */,
				00C1CF12187BCF39003D4C1E /* AppDelegate.h */,
				00C1CF13187BCF39003D4C1E /* AppDelegate.m */,
				00C1CF15187BCF39003D4C1E /* Main.storyboard */,
				00C1CF18187BCF39003D4C1E /* ViewController.h */,
				00C1CF19187BCF39003D4C1E /* ViewController.m */,
				00C1CF1B187BCF39003D4C1E /* Images.xcassets */,
				00C1CF0A187BCF39003D4C1E /* Supporting Files */,
			);
			path = p249ScrollViewTest;
			sourceTree = "<group>";
		};
		00C1CF0A187BCF39003D4C1E /* Supporting Files */ = {
			isa = PBXGroup;
			children = (
				00C1CF0B187BCF39003D4C1E /* p249ScrollViewTest-Info.plist */,
				00C1CF0C187BCF39003D4C1E /* InfoPlist.strings */,
				00C1CF0F187BCF39003D4C1E /* main.m */,
				00C1CF11187BCF39003D4C1E /* p249ScrollViewTest-Prefix.pch */,
			);
			name = "Supporting Files";
			sourceTree = "<group>";
		};
		00C1CF28187BCF39003D4C1E /* p249ScrollViewTestTests */ = {
			isa = PBXGroup;
			children = (
				00C1CF2E187BCF39003D4C1E /* p249ScrollViewTestTests.m */,
				00C1CF29187BCF39003D4C1E /* Supporting Files */,
			);
			path = p249ScrollViewTestTests;
			sourceTree = "<group>";
		};
		00C1CF29187BCF39003D4C1E /* Supporting Files */ = {
			isa = PBXGroup;
			children = (
				00C1CF2A187BCF39003D4C1E /* p249ScrollViewTestTests-Info.plist */,
				00C1CF2B187BCF39003D4C1E /* InfoPlist.strings */,
			);
			name = "Supporting Files";
			sourceTree = "<group>";
		};
/* End PBXGroup section */

/* Begin PBXNativeTarget section */
		00C1CEFF187BCF39003D4C1E /* p249ScrollViewTest */ = {
			isa = PBXNativeTarget;
			buildConfigurationList = 00C1CF32187BCF39003D4C1E /* Build configuration list for PBXNativeTarget "p249ScrollViewTest" */;
			buildPhases = (
				00C1CEFC187BCF39003D4C1E /* Sources */,
				00C1CEFD187BCF39003D4C1E /* Frameworks */,
				00C1CEFE187BCF39003D4C1E /* Resources */,
			);
			buildRules = (
			);
			dependencies = (
			);
			name = p249ScrollViewTest;
			productName = p249ScrollViewTest;
			productReference = 00C1CF00187BCF39003D4C1E /* p249ScrollViewTest.app */;
			productType = "com.apple.product-type.application";
		};
		00C1CF20187BCF39003D4C1E /* p249ScrollViewTestTests */ = {
			isa = PBXNativeTarget;
			buildConfigurationList = 00C1CF35187BCF39003D4C1E /* Build configuration list for PBXNativeTarget "p249ScrollViewTestTests" */;
			buildPhases = (
				00C1CF1D187BCF39003D4C1E /* Sources */,
				00C1CF1E187BCF39003D4C1E /* Frameworks */,
				00C1CF1F187BCF39003D4C1E /* Resources */,
			);
			buildRules = (
			);
			dependencies = (
				00C1CF27187BCF39003D4C1E /* PBXTargetDependency */,
			);
			name = p249ScrollViewTestTests;
			productName = p249ScrollViewTestTests;
			productReference = 00C1CF21187BCF39003D4C1E /* p249ScrollViewTestTests.xctest */;
			productType = "com.apple.product-type.bundle.unit-test";
		};
/* End PBXNativeTarget section */

/* Begin PBXProject section */
		00C1CEF8187BCF39003D4C1E /* Project object */ = {
			isa = PBXProject;
			attributes = {
				LastUpgradeCheck = 0500;
				ORGANIZATIONNAME = "SDT-1";
				TargetAttributes = {
					00C1CF20187BCF39003D4C1E = {
						TestTargetID = 00C1CEFF187BCF39003D4C1E;
					};
				};
			};
			buildConfigurationList = 00C1CEFB187BCF39003D4C1E /* Build configuration list for PBXProject "p249ScrollViewTest" */;
			compatibilityVersion = "Xcode 3.2";
			developmentRegion = English;
			hasScannedForEncodings = 0;
			knownRegions = (
				en,
				Base,
			);
			mainGroup = 00C1CEF7187BCF39003D4C1E;
			productRefGroup = 00C1CF01187BCF39003D4C1E /* Products */;
			projectDirPath = "";
			projectRoot = "";
			targets = (
				00C1CEFF187BCF39003D4C1E /* p249ScrollViewTest */,
				00C1CF20187BCF39003D4C1E /* p249ScrollViewTestTests */,
			);
		};
/* End PBXProject section */

/* Begin PBXResourcesBuildPhase section */
		00C1CEFE187BCF39003D4C1E /* Resources */ = {
			isa = PBXResourcesBuildPhase;
			buildActionMask = 2147483647;
			files = (
				00C1CF1C187BCF39003D4C1E /* Images.xcassets in Resources */,
				00C1CF0E187BCF39003D4C1E /* InfoPlist.strings in Resources */,
				00C1CF39187BCF92003D4C1E /* apple.png in Resources */,
				00C1CF17187BCF39003D4C1E /* Main.storyboard in Resources */,
			);
			runOnlyForDeploymentPostprocessing = 0;
		};
		00C1CF1F187BCF39003D4C1E /* Resources */ = {
			isa = PBXResourcesBuildPhase;
			buildActionMask = 2147483647;
			files = (
				00C1CF2D187BCF39003D4C1E /* InfoPlist.strings in Resources */,
			);
			runOnlyForDeploymentPostprocessing = 0;
		};
/* End PBXResourcesBuildPhase section */

/* Begin PBXSourcesBuildPhase section */
		00C1CEFC187BCF39003D4C1E /* Sources */ = {
			isa = PBXSourcesBuildPhase;
			buildActionMask = 2147483647;
			files = (
				00C1CF1A187BCF39003D4C1E /* ViewController.m in Sources */,
				00C1CF14187BCF39003D4C1E /* AppDelegate.m in Sources */,
				00C1CF10187BCF39003D4C1E /* main.m in Sources */,
			);
			runOnlyForDeploymentPostprocessing = 0;
		};
		00C1CF1D187BCF39003D4C1E /* Sources */ = {
			isa = PBXSourcesBuildPhase;
			buildActionMask = 2147483647;
			files = (
				00C1CF2F187BCF39003D4C1E /* p249ScrollViewTestTests.m in Sources */,
			);
			runOnlyForDeploymentPostprocessing = 0;
		};
/* End PBXSourcesBuildPhase section */

/* Begin PBXTargetDependency section */
		00C1CF27187BCF39003D4C1E /* PBXTargetDependency */ = {
			isa = PBXTargetDependency;
			target = 00C1CEFF187BCF39003D4C1E /* p249ScrollViewTest */;
			targetProxy = 00C1CF26187BCF39003D4C1E /* PBXContainerItemProxy */;
		};
/* End PBXTargetDependency section */

/* Begin PBXVariantGroup section */
		00C1CF0C187BCF39003D4C1E /* InfoPlist.strings */ = {
			isa = PBXVariantGroup;
			children = (
				00C1CF0D187BCF39003D4C1E /* en */,
			);
			name = InfoPlist.strings;
			sourceTree = "<group>";
		};
		00C1CF15187BCF39003D4C1E /* Main.storyboard */ = {
			isa = PBXVariantGroup;
			children = (
				00C1CF16187BCF39003D4C1E /* Base */,
			);
			name = Main.storyboard;
			sourceTree = "<group>";
		};
		00C1CF2B187BCF39003D4C1E /* InfoPlist.strings */ = {
			isa = PBXVariantGroup;
			children = (
				00C1CF2C187BCF39003D4C1E /* en */,
			);
			name = InfoPlist.strings;
			sourceTree = "<group>";
		};
/* End PBXVariantGroup section */

/* Begin XCBuildConfiguration section */
		00C1CF30187BCF39003D4C1E /* Debug */ = {
			isa = XCBuildConfiguration;
			buildSettings = {
				ALWAYS_SEARCH_USER_PATHS = NO;
				ARCHS = "$(ARCHS_STANDARD_INCLUDING_64_BIT)";
				CLANG_CXX_LANGUAGE_STANDARD = "gnu++0x";
				CLANG_CXX_LIBRARY = "libc++";
				CLANG_ENABLE_MODULES = YES;
				CLANG_ENABLE_OBJC_ARC = YES;
				CLANG_WARN_BOOL_CONVERSION = YES;
				CLANG_WARN_CONSTANT_CONVERSION = YES;
				CLANG_WARN_DIRECT_OBJC_ISA_USAGE = YES_ERROR;
				CLANG_WARN_EMPTY_BODY = YES;
				CLANG_WARN_ENUM_CONVERSION = YES;
				CLANG_WARN_INT_CONVERSION = YES;
				CLANG_WARN_OBJC_ROOT_CLASS = YES_ERROR;
				CLANG_WARN__DUPLICATE_METHOD_MATCH = YES;
				"CODE_SIGN_IDENTITY[sdk=iphoneos*]" = "iPhone Developer";
				COPY_PHASE_STRIP = NO;
				GCC_C_LANGUAGE_STANDARD = gnu99;
				GCC_DYNAMIC_NO_PIC = NO;
				GCC_OPTIMIZATION_LEVEL = 0;
				GCC_PREPROCESSOR_DEFINITIONS = (
					"DEBUG=1",
					"$(inherited)",
				);
				GCC_SYMBOLS_PRIVATE_EXTERN = NO;
				GCC_WARN_64_TO_32_BIT_CONVERSION = YES;
				GCC_WARN_ABOUT_RETURN_TYPE = YES_ERROR;
				GCC_WARN_UNDECLARED_SELECTOR = YES;
				GCC_WARN_UNINITIALIZED_AUTOS = YES;
				GCC_WARN_UNUSED_FUNCTION = YES;
				GCC_WARN_UNUSED_VARIABLE = YES;
				IPHONEOS_DEPLOYMENT_TARGET = 7.0;
				ONLY_ACTIVE_ARCH = YES;
				SDKROOT = iphoneos;
			};
			name = Debug;
		};
		00C1CF31187BCF39003D4C1E /* Release */ = {
			isa = XCBuildConfiguration;
			buildSettings = {
				ALWAYS_SEARCH_USER_PATHS = NO;
				ARCHS = "$(ARCHS_STANDARD_INCLUDING_64_BIT)";
				CLANG_CXX_LANGUAGE_STANDARD = "gnu++0x";
				CLANG_CXX_LIBRARY = "libc++";
				CLANG_ENABLE_MODULES = YES;
				CLANG_ENABLE_OBJC_ARC = YES;
				CLANG_WARN_BOOL_CONVERSION = YES;
				CLANG_WARN_CONSTANT_CONVERSION = YES;
				CLANG_WARN_DIRECT_OBJC_ISA_USAGE = YES_ERROR;
				CLANG_WARN_EMPTY_BODY = YES;
				CLANG_WARN_ENUM_CONVERSION = YES;
				CLANG_WARN_INT_CONVERSION = YES;
				CLANG_WARN_OBJC_ROOT_CLASS = YES_ERROR;
				CLANG_WARN__DUPLICATE_METHOD_MATCH = YES;
				"CODE_SIGN_IDENTITY[sdk=iphoneos*]" = "iPhone Developer";
				COPY_PHASE_STRIP = YES;
				ENABLE_NS_ASSERTIONS = NO;
				GCC_C_LANGUAGE_STANDARD = gnu99;
				GCC_WARN_64_TO_32_BIT_CONVERSION = YES;
				GCC_WARN_ABOUT_RETURN_TYPE = YES_ERROR;
				GCC_WARN_UNDECLARED_SELECTOR = YES;
				GCC_WARN_UNINITIALIZED_AUTOS = YES;
				GCC_WARN_UNUSED_FUNCTION = YES;
				GCC_WARN_UNUSED_VARIABLE = YES;
				IPHONEOS_DEPLOYMENT_TARGET = 7.0;
				SDKROOT = iphoneos;
				VALIDATE_PRODUCT = YES;
			};
			name = Release;
		};
		00C1CF33187BCF39003D4C1E /* Debug */ = {
			isa = XCBuildConfiguration;
			buildSettings = {
				ASSETCATALOG_COMPILER_APPICON_NAME = AppIcon;
				ASSETCATALOG_COMPILER_LAUNCHIMAGE_NAME = LaunchImage;
				GCC_PRECOMPILE_PREFIX_HEADER = YES;
				GCC_PREFIX_HEADER = "p249ScrollViewTest/p249ScrollViewTest-Prefix.pch";
				INFOPLIST_FILE = "p249ScrollViewTest/p249ScrollViewTest-Info.plist";
				PRODUCT_NAME = "$(TARGET_NAME)";
				WRAPPER_EXTENSION = app;
			};
			name = Debug;
		};
		00C1CF34187BCF39003D4C1E /* Release */ = {
			isa = XCBuildConfiguration;
			buildSettings = {
				ASSETCATALOG_COMPILER_APPICON_NAME = AppIcon;
				ASSETCATALOG_COMPILER_LAUNCHIMAGE_NAME = LaunchImage;
				GCC_PRECOMPILE_PREFIX_HEADER = YES;
				GCC_PREFIX_HEADER = "p249ScrollViewTest/p249ScrollViewTest-Prefix.pch";
				INFOPLIST_FILE = "p249ScrollViewTest/p249ScrollViewTest-Info.plist";
				PRODUCT_NAME = "$(TARGET_NAME)";
				WRAPPER_EXTENSION = app;
			};
			name = Release;
		};
		00C1CF36187BCF39003D4C1E /* Debug */ = {
			isa = XCBuildConfiguration;
			buildSettings = {
				ARCHS = "$(ARCHS_STANDARD_INCLUDING_64_BIT)";
				BUNDLE_LOADER = "$(BUILT_PRODUCTS_DIR)/p249ScrollViewTest.app/p249ScrollViewTest";
				FRAMEWORK_SEARCH_PATHS = (
					"$(SDKROOT)/Developer/Library/Frameworks",
					"$(inherited)",
					"$(DEVELOPER_FRAMEWORKS_DIR)",
				);
				GCC_PRECOMPILE_PREFIX_HEADER = YES;
				GCC_PREFIX_HEADER = "p249ScrollViewTest/p249ScrollViewTest-Prefix.pch";
				GCC_PREPROCESSOR_DEFINITIONS = (
					"DEBUG=1",
					"$(inherited)",
				);
				INFOPLIST_FILE = "p249ScrollViewTestTests/p249ScrollViewTestTests-Info.plist";
				PRODUCT_NAME = "$(TARGET_NAME)";
				TEST_HOST = "$(BUNDLE_LOADER)";
				WRAPPER_EXTENSION = xctest;
			};
			name = Debug;
		};
		00C1CF37187BCF39003D4C1E /* Release */ = {
			isa = XCBuildConfiguration;
			buildSettings = {
				ARCHS = "$(ARCHS_STANDARD_INCLUDING_64_BIT)";
				BUNDLE_LOADER = "$(BUILT_PRODUCTS_DIR)/p249ScrollViewTest.app/p249ScrollViewTest";
				FRAMEWORK_SEARCH_PATHS = (
					"$(SDKROOT)/Developer/Library/Frameworks",
					"$(inherited)",
					"$(DEVELOPER_FRAMEWORKS_DIR)",
				);
				GCC_PRECOMPILE_PREFIX_HEADER = YES;
				GCC_PREFIX_HEADER = "p249ScrollViewTest/p249ScrollViewTest-Prefix.pch";
				INFOPLIST_FILE = "p249ScrollViewTestTests/p249ScrollViewTestTests-Info.plist";
				PRODUCT_NAME = "$(TARGET_NAME)";
				TEST_HOST = "$(BUNDLE_LOADER)";
				WRAPPER_EXTENSION = xctest;
			};
			name = Release;
		};
/* End XCBuildConfiguration section */

/* Begin XCConfigurationList section */
		00C1CEFB187BCF39003D4C1E /* Build configuration list for PBXProject "p249ScrollViewTest" */ = {
			isa = XCConfigurationList;
			buildConfigurations = (
				00C1CF30187BCF39003D4C1E /* Debug */,
				00C1CF31187BCF39003D4C1E /* Release */,
			);
			defaultConfigurationIsVisible = 0;
			defaultConfigurationName = Release;
		};
		00C1CF32187BCF39003D4C1E /* Build configuration list for PBXNativeTarget "p249ScrollViewTest" */ = {
			isa = XCConfigurationList;
			buildConfigurations = (
				00C1CF33187BCF39003D4C1E /* Debug */,
				00C1CF34187BCF39003D4C1E /* Release */,
			);
			defaultConfigurationIsVisible = 0;
		};
		00C1CF35187BCF39003D4C1E /* Build configuration list for PBXNativeTarget "p249ScrollViewTestTests" */ = {
			isa = XCConfigurationList;
			buildConfigurations = (
				00C1CF36187BCF39003D4C1E /* Debug */,
				00C1CF37187BCF39003D4C1E /* Release */,
			);
			defaultConfigurationIsVisible = 0;
		};
/* End XCConfigurationList section */
	};
	rootObject = 00C1CEF8187BCF39003D4C1E /* Project object */;
}
